
Microsoft Visual Studio Solution File, Format Version 12.00
# Visual Studio 15
VisualStudioVersion = 15.0.28307.271
MinimumVisualStudioVersion = 10.0.40219.1
Project("{FAE04EC0-301F-11D3-BF4B-00C04F79EFBC}") = "Gerador.Certificado", "Gerador.Certificado\Gerador.Certificado.csproj", "{DADEACA1-821E-439A-A5D8-59670FDC26B1}"
EndProject
Global
	GlobalSection(SolutionConfigurationPlatforms) = preSolution
		Debug|Any CPU = Debug|Any CPU
		Release|Any CPU = Release|Any CPU
	EndGlobalSection
	GlobalSection(ProjectConfigurationPlatforms) = postSolution
		{DADEACA1-821E-439A-A5D8-59670FDC26B1}.Debug|Any CPU.ActiveCfg = Debug|Any CPU
		{DADEACA1-821E-439A-A5D8-59670FDC26B1}.Debug|Any CPU.Build.0 = Debug|Any CPU
		{DADEACA1-821E-439A-A5D8-59670FDC26B1}.Release|Any CPU.ActiveCfg = Release|Any CPU
		{DADEACA1-821E-439A-A5D8-59670FDC26B1}.Release|Any CPU.Build.0 = Release|Any CPU
	EndGlobalSection
	GlobalSection(SolutionProperties) = preSolution
		HideSolutionNode = FALSE
	EndGlobalSection
	GlobalSection(ExtensibilityGlobals) = postSolution
		SolutionGuid = {DCD442D9-A5FE-4B49-AA08-32ACD4522A1A}
	EndGlobalSection
EndGlobal
