
Microsoft Visual Studio Solution File, Format Version 12.00
# Visual Studio 15
VisualStudioVersion = 15.0.28307.271
MinimumVisualStudioVersion = 10.0.40219.1
Project("{FAE04EC0-301F-11D3-BF4B-00C04F79EFBC}") = "Assinado.Pdf", "Assinado.Pdf.csproj", "{9CDB3916-2B8E-4F25-B239-33A346D8257C}"
EndProject
Global
	GlobalSection(SolutionConfigurationPlatforms) = preSolution
		Debug|Any CPU = Debug|Any CPU
		Release|Any CPU = Release|Any CPU
	EndGlobalSection
	GlobalSection(ProjectConfigurationPlatforms) = postSolution
		{9CDB3916-2B8E-4F25-B239-33A346D8257C}.Debug|Any CPU.ActiveCfg = Debug|Any CPU
		{9CDB3916-2B8E-4F25-B239-33A346D8257C}.Debug|Any CPU.Build.0 = Debug|Any CPU
		{9CDB3916-2B8E-4F25-B239-33A346D8257C}.Release|Any CPU.ActiveCfg = Release|Any CPU
		{9CDB3916-2B8E-4F25-B239-33A346D8257C}.Release|Any CPU.Build.0 = Release|Any CPU
	EndGlobalSection
	GlobalSection(SolutionProperties) = preSolution
		HideSolutionNode = FALSE
	EndGlobalSection
	GlobalSection(ExtensibilityGlobals) = postSolution
		SolutionGuid = {0BF0D127-310E-42F0-8CF2-C78A2F286A3E}
	EndGlobalSection
EndGlobal
